
Microsoft Visual Studio Solution File, Format Version 12.00
# Visual Studio Version 16
VisualStudioVersion = 16.0.31025.194
MinimumVisualStudioVersion = 10.0.40219.1
Project("{FAE04EC0-301F-11D3-BF4B-00C04F79EFBC}") = "BookStore.Core", "BookStore.Core\BookStore.Core.csproj", "{0F8723E2-9AB4-4E36-A73A-F4B1DC94FD09}"
EndProject
Project("{FAE04EC0-301F-11D3-BF4B-00C04F79EFBC}") = "BookStore.Services", "BookStore.Services\BookStore.Services.csproj", "{B1848B9E-2FF2-4529-892D-4ECE50C2AA34}"
EndProject
Project("{FAE04EC0-301F-11D3-BF4B-00C04F79EFBC}") = "BookStore.DataAccess.SQL", "BookStore.DataAccess.SQL\BookStore.DataAccess.SQL.csproj", "{32EC15D3-DA36-4188-B247-172C0F83933B}"
EndProject
Project("{FAE04EC0-301F-11D3-BF4B-00C04F79EFBC}") = "BookStore.WebUI", "BookStore.WebUI\BookStore.WebUI.csproj", "{7F756975-3A3E-4DBC-80F2-8511C9848E0A}"
EndProject
Project("{FAE04EC0-301F-11D3-BF4B-00C04F79EFBC}") = "BookStore.WebUI.Tests", "BookStore.WebUI.Tests\BookStore.WebUI.Tests.csproj", "{300140C2-A28C-4B7F-8C42-609B8F392D27}"
EndProject
Global
	GlobalSection(SolutionConfigurationPlatforms) = preSolution
		Debug|Any CPU = Debug|Any CPU
		Release|Any CPU = Release|Any CPU
	EndGlobalSection
	GlobalSection(ProjectConfigurationPlatforms) = postSolution
		{0F8723E2-9AB4-4E36-A73A-F4B1DC94FD09}.Debug|Any CPU.ActiveCfg = Debug|Any CPU
		{0F8723E2-9AB4-4E36-A73A-F4B1DC94FD09}.Debug|Any CPU.Build.0 = Debug|Any CPU
		{0F8723E2-9AB4-4E36-A73A-F4B1DC94FD09}.Release|Any CPU.ActiveCfg = Release|Any CPU
		{0F8723E2-9AB4-4E36-A73A-F4B1DC94FD09}.Release|Any CPU.Build.0 = Release|Any CPU
		{B1848B9E-2FF2-4529-892D-4ECE50C2AA34}.Debug|Any CPU.ActiveCfg = Debug|Any CPU
		{B1848B9E-2FF2-4529-892D-4ECE50C2AA34}.Debug|Any CPU.Build.0 = Debug|Any CPU
		{B1848B9E-2FF2-4529-892D-4ECE50C2AA34}.Release|Any CPU.ActiveCfg = Release|Any CPU
		{B1848B9E-2FF2-4529-892D-4ECE50C2AA34}.Release|Any CPU.Build.0 = Release|Any CPU
		{32EC15D3-DA36-4188-B247-172C0F83933B}.Debug|Any CPU.ActiveCfg = Debug|Any CPU
		{32EC15D3-DA36-4188-B247-172C0F83933B}.Debug|Any CPU.Build.0 = Debug|Any CPU
		{32EC15D3-DA36-4188-B247-172C0F83933B}.Release|Any CPU.ActiveCfg = Release|Any CPU
		{32EC15D3-DA36-4188-B247-172C0F83933B}.Release|Any CPU.Build.0 = Release|Any CPU
		{7F756975-3A3E-4DBC-80F2-8511C9848E0A}.Debug|Any CPU.ActiveCfg = Debug|Any CPU
		{7F756975-3A3E-4DBC-80F2-8511C9848E0A}.Debug|Any CPU.Build.0 = Debug|Any CPU
		{7F756975-3A3E-4DBC-80F2-8511C9848E0A}.Release|Any CPU.ActiveCfg = Release|Any CPU
		{7F756975-3A3E-4DBC-80F2-8511C9848E0A}.Release|Any CPU.Build.0 = Release|Any CPU
		{300140C2-A28C-4B7F-8C42-609B8F392D27}.Debug|Any CPU.ActiveCfg = Debug|Any CPU
		{300140C2-A28C-4B7F-8C42-609B8F392D27}.Debug|Any CPU.Build.0 = Debug|Any CPU
		{300140C2-A28C-4B7F-8C42-609B8F392D27}.Release|Any CPU.ActiveCfg = Release|Any CPU
		{300140C2-A28C-4B7F-8C42-609B8F392D27}.Release|Any CPU.Build.0 = Release|Any CPU
	EndGlobalSection
	GlobalSection(SolutionProperties) = preSolution
		HideSolutionNode = FALSE
	EndGlobalSection
	GlobalSection(ExtensibilityGlobals) = postSolution
		SolutionGuid = {DCAB17B4-0091-45E4-8155-B2E581D123A8}
	EndGlobalSection
EndGlobal
